
Microsoft Visual Studio Solution File, Format Version 12.00
# Visual Studio Version 17
<<<<<<< HEAD
VisualStudioVersion = 17.8.34309.116
MinimumVisualStudioVersion = 10.0.40219.1
Project("{9A19103F-16F7-4668-BE54-9A1E7A4F7556}") = "ConsoleApp1", "ConsoleApp1.csproj", "{87CDF9EF-6145-4A55-BE7E-7BF3DF89E203}"
=======
VisualStudioVersion = 17.7.34302.85
MinimumVisualStudioVersion = 10.0.40219.1
Project("{9A19103F-16F7-4668-BE54-9A1E7A4F7556}") = "ConsoleApp1", "ConsoleApp1.csproj", "{9B9397D6-2962-4BB0-B5D0-1C7867C37A08}"
>>>>>>> pr/3
EndProject
Global
	GlobalSection(SolutionConfigurationPlatforms) = preSolution
		Debug|Any CPU = Debug|Any CPU
		Release|Any CPU = Release|Any CPU
	EndGlobalSection
	GlobalSection(ProjectConfigurationPlatforms) = postSolution
<<<<<<< HEAD
		{87CDF9EF-6145-4A55-BE7E-7BF3DF89E203}.Debug|Any CPU.ActiveCfg = Debug|Any CPU
		{87CDF9EF-6145-4A55-BE7E-7BF3DF89E203}.Debug|Any CPU.Build.0 = Debug|Any CPU
		{87CDF9EF-6145-4A55-BE7E-7BF3DF89E203}.Release|Any CPU.ActiveCfg = Release|Any CPU
		{87CDF9EF-6145-4A55-BE7E-7BF3DF89E203}.Release|Any CPU.Build.0 = Release|Any CPU
=======
		{9B9397D6-2962-4BB0-B5D0-1C7867C37A08}.Debug|Any CPU.ActiveCfg = Debug|Any CPU
		{9B9397D6-2962-4BB0-B5D0-1C7867C37A08}.Debug|Any CPU.Build.0 = Debug|Any CPU
		{9B9397D6-2962-4BB0-B5D0-1C7867C37A08}.Release|Any CPU.ActiveCfg = Release|Any CPU
		{9B9397D6-2962-4BB0-B5D0-1C7867C37A08}.Release|Any CPU.Build.0 = Release|Any CPU
>>>>>>> pr/3
	EndGlobalSection
	GlobalSection(SolutionProperties) = preSolution
		HideSolutionNode = FALSE
	EndGlobalSection
	GlobalSection(ExtensibilityGlobals) = postSolution
<<<<<<< HEAD
		SolutionGuid = {A8E26610-6563-4FAC-BAEA-12883B320FEE}
=======
		SolutionGuid = {686D33D9-22A7-4758-9849-CECA25BDEF2C}
>>>>>>> pr/3
	EndGlobalSection
EndGlobal
